
Microsoft Visual Studio Solution File, Format Version 12.00
# Visual Studio Version 17
VisualStudioVersion = 17.5.33414.496
MinimumVisualStudioVersion = 10.0.40219.1
Project("{9A19103F-16F7-4668-BE54-9A1E7A4F7556}") = "AndreTurismoApp", "AndreTurismoApp\AndreTurismoApp.csproj", "{89900503-95C0-4A1D-8329-0636F32E9AF4}"
EndProject
Project("{9A19103F-16F7-4668-BE54-9A1E7A4F7556}") = "AndreTurismoApp.Models", "AndreTurismoApp.Models\AndreTurismoApp.Models.csproj", "{65F78152-8C51-4809-8803-9B93F3849886}"
EndProject
Project("{9A19103F-16F7-4668-BE54-9A1E7A4F7556}") = "AndreTurismoApp.Repositories", "AndreTurismoApp.Repositories\AndreTurismoApp.Repositories.csproj", "{450269EE-B104-4BE8-9447-798CC2ABDAE1}"
EndProject
Project("{9A19103F-16F7-4668-BE54-9A1E7A4F7556}") = "AndreTurismoApp.Services", "AndreTurismoApp.Services\AndreTurismoApp.Services.csproj", "{959E2E93-9FDE-489B-8E28-026315903C44}"
EndProject
Project("{9A19103F-16F7-4668-BE54-9A1E7A4F7556}") = "AndreTurismoApp.AddressService", "AndreTurismoApp.AddressService\AndreTurismoApp.AddressService.csproj", "{1F982A28-6827-42A9-883F-3F3CC44CFA77}"
EndProject
Project("{FAE04EC0-301F-11D3-BF4B-00C04F79EFBC}") = "AndreTurismoApp.CustomerService", "AndreTurismoApp.CustomerService\AndreTurismoApp.CustomerService.csproj", "{4D40CE49-629B-45BB-AD35-872A8AE103C0}"
EndProject
Project("{FAE04EC0-301F-11D3-BF4B-00C04F79EFBC}") = "AndreTurismoApp.HotelService", "AndreTurismoApp.HotelService\AndreTurismoApp.HotelService.csproj", "{FE0F5BBB-608D-4099-9405-BA486AE27170}"
EndProject
Project("{FAE04EC0-301F-11D3-BF4B-00C04F79EFBC}") = "AndreTurismoApp.TicketService", "AndreTurismoApp.TicketService\AndreTurismoApp.TicketService.csproj", "{1B1829FA-042E-4251-B131-4102F8E6ACCF}"
EndProject
Project("{FAE04EC0-301F-11D3-BF4B-00C04F79EFBC}") = "AndreTurismoApp.PackageService", "AndreTurismoApp.PackageService\AndreTurismoApp.PackageService.csproj", "{D1C7FA18-588E-4A0D-87C7-6E3F2BFCAE07}"
EndProject
Global
	GlobalSection(SolutionConfigurationPlatforms) = preSolution
		Debug|Any CPU = Debug|Any CPU
		Release|Any CPU = Release|Any CPU
	EndGlobalSection
	GlobalSection(ProjectConfigurationPlatforms) = postSolution
		{89900503-95C0-4A1D-8329-0636F32E9AF4}.Debug|Any CPU.ActiveCfg = Debug|Any CPU
		{89900503-95C0-4A1D-8329-0636F32E9AF4}.Debug|Any CPU.Build.0 = Debug|Any CPU
		{89900503-95C0-4A1D-8329-0636F32E9AF4}.Release|Any CPU.ActiveCfg = Release|Any CPU
		{89900503-95C0-4A1D-8329-0636F32E9AF4}.Release|Any CPU.Build.0 = Release|Any CPU
		{65F78152-8C51-4809-8803-9B93F3849886}.Debug|Any CPU.ActiveCfg = Debug|Any CPU
		{65F78152-8C51-4809-8803-9B93F3849886}.Debug|Any CPU.Build.0 = Debug|Any CPU
		{65F78152-8C51-4809-8803-9B93F3849886}.Release|Any CPU.ActiveCfg = Release|Any CPU
		{65F78152-8C51-4809-8803-9B93F3849886}.Release|Any CPU.Build.0 = Release|Any CPU
		{450269EE-B104-4BE8-9447-798CC2ABDAE1}.Debug|Any CPU.ActiveCfg = Debug|Any CPU
		{450269EE-B104-4BE8-9447-798CC2ABDAE1}.Debug|Any CPU.Build.0 = Debug|Any CPU
		{450269EE-B104-4BE8-9447-798CC2ABDAE1}.Release|Any CPU.ActiveCfg = Release|Any CPU
		{450269EE-B104-4BE8-9447-798CC2ABDAE1}.Release|Any CPU.Build.0 = Release|Any CPU
		{959E2E93-9FDE-489B-8E28-026315903C44}.Debug|Any CPU.ActiveCfg = Debug|Any CPU
		{959E2E93-9FDE-489B-8E28-026315903C44}.Debug|Any CPU.Build.0 = Debug|Any CPU
		{959E2E93-9FDE-489B-8E28-026315903C44}.Release|Any CPU.ActiveCfg = Release|Any CPU
		{959E2E93-9FDE-489B-8E28-026315903C44}.Release|Any CPU.Build.0 = Release|Any CPU
		{1F982A28-6827-42A9-883F-3F3CC44CFA77}.Debug|Any CPU.ActiveCfg = Debug|Any CPU
		{1F982A28-6827-42A9-883F-3F3CC44CFA77}.Debug|Any CPU.Build.0 = Debug|Any CPU
		{1F982A28-6827-42A9-883F-3F3CC44CFA77}.Release|Any CPU.ActiveCfg = Release|Any CPU
		{1F982A28-6827-42A9-883F-3F3CC44CFA77}.Release|Any CPU.Build.0 = Release|Any CPU
		{4D40CE49-629B-45BB-AD35-872A8AE103C0}.Debug|Any CPU.ActiveCfg = Debug|Any CPU
		{4D40CE49-629B-45BB-AD35-872A8AE103C0}.Debug|Any CPU.Build.0 = Debug|Any CPU
		{4D40CE49-629B-45BB-AD35-872A8AE103C0}.Release|Any CPU.ActiveCfg = Release|Any CPU
		{4D40CE49-629B-45BB-AD35-872A8AE103C0}.Release|Any CPU.Build.0 = Release|Any CPU
		{FE0F5BBB-608D-4099-9405-BA486AE27170}.Debug|Any CPU.ActiveCfg = Debug|Any CPU
		{FE0F5BBB-608D-4099-9405-BA486AE27170}.Debug|Any CPU.Build.0 = Debug|Any CPU
		{FE0F5BBB-608D-4099-9405-BA486AE27170}.Release|Any CPU.ActiveCfg = Release|Any CPU
		{FE0F5BBB-608D-4099-9405-BA486AE27170}.Release|Any CPU.Build.0 = Release|Any CPU
		{1B1829FA-042E-4251-B131-4102F8E6ACCF}.Debug|Any CPU.ActiveCfg = Debug|Any CPU
		{1B1829FA-042E-4251-B131-4102F8E6ACCF}.Debug|Any CPU.Build.0 = Debug|Any CPU
		{1B1829FA-042E-4251-B131-4102F8E6ACCF}.Release|Any CPU.ActiveCfg = Release|Any CPU
		{1B1829FA-042E-4251-B131-4102F8E6ACCF}.Release|Any CPU.Build.0 = Release|Any CPU
		{D1C7FA18-588E-4A0D-87C7-6E3F2BFCAE07}.Debug|Any CPU.ActiveCfg = Debug|Any CPU
		{D1C7FA18-588E-4A0D-87C7-6E3F2BFCAE07}.Debug|Any CPU.Build.0 = Debug|Any CPU
		{D1C7FA18-588E-4A0D-87C7-6E3F2BFCAE07}.Release|Any CPU.ActiveCfg = Release|Any CPU
		{D1C7FA18-588E-4A0D-87C7-6E3F2BFCAE07}.Release|Any CPU.Build.0 = Release|Any CPU
	EndGlobalSection
	GlobalSection(SolutionProperties) = preSolution
		HideSolutionNode = FALSE
	EndGlobalSection
	GlobalSection(ExtensibilityGlobals) = postSolution
		SolutionGuid = {D51C5299-B637-4343-87A7-27D5317249EF}
	EndGlobalSection
EndGlobal
